Microsoft Visual Studio Solution File, Format Version 12.00
# Visual Studio Version 16
VisualStudioVersion = 16.0.0.0
MinimumVisualStudioVersion = 16.0.0.0
Project("{9A19103F-16F7-4668-BE54-9A1E7A4F7556}") = "clientApp1.Server", "Server\clientApp1.Server.csproj", "{11CF3A96-36C5-453C-9408-3D4F77D62AC5}"
EndProject
Project("{9A19103F-16F7-4668-BE54-9A1E7A4F7556}") = "clientApp1.Client", "Client\clientApp1.Client.csproj", "{6C636A6F-A699-47BC-8500-AB8F04D452CB}"
EndProject
Project("{9A19103F-16F7-4668-BE54-9A1E7A4F7556}") = "clientApp1.Shared", "Shared\clientApp1.Shared.csproj", "{1DE8585E-FD29-43A1-95E5-8EDC02556090}"
EndProject
Global
	GlobalSection(SolutionConfigurationPlatforms) = preSolution
		Debug|Any CPU = Debug|Any CPU
		Debug|x64 = Debug|x64
		Debug|x86 = Debug|x86
		Release|Any CPU = Release|Any CPU
		Release|x64 = Release|x64
		Release|x86 = Release|x86
	EndGlobalSection
	GlobalSection(ProjectConfigurationPlatforms) = postSolution
		{6C636A6F-A699-47BC-8500-AB8F04D452CB}.Debug|Any CPU.ActiveCfg = Debug|Any CPU
		{6C636A6F-A699-47BC-8500-AB8F04D452CB}.Debug|Any CPU.Build.0 = Debug|Any CPU
		{6C636A6F-A699-47BC-8500-AB8F04D452CB}.Debug|x64.ActiveCfg = Debug|Any CPU
		{6C636A6F-A699-47BC-8500-AB8F04D452CB}.Debug|x64.Build.0 = Debug|Any CPU
		{6C636A6F-A699-47BC-8500-AB8F04D452CB}.Debug|x86.ActiveCfg = Debug|Any CPU
		{6C636A6F-A699-47BC-8500-AB8F04D452CB}.Debug|x86.Build.0 = Debug|Any CPU
		{6C636A6F-A699-47BC-8500-AB8F04D452CB}.Release|Any CPU.ActiveCfg = Release|Any CPU
		{6C636A6F-A699-47BC-8500-AB8F04D452CB}.Release|Any CPU.Build.0 = Release|Any CPU
		{6C636A6F-A699-47BC-8500-AB8F04D452CB}.Release|x64.ActiveCfg = Release|Any CPU
		{6C636A6F-A699-47BC-8500-AB8F04D452CB}.Release|x64.Build.0 = Release|Any CPU
		{6C636A6F-A699-47BC-8500-AB8F04D452CB}.Release|x86.ActiveCfg = Release|Any CPU
		{6C636A6F-A699-47BC-8500-AB8F04D452CB}.Release|x86.Build.0 = Release|Any CPU
		{11CF3A96-36C5-453C-9408-3D4F77D62AC5}.Debug|Any CPU.ActiveCfg = Debug|Any CPU
		{11CF3A96-36C5-453C-9408-3D4F77D62AC5}.Debug|Any CPU.Build.0 = Debug|Any CPU
		{11CF3A96-36C5-453C-9408-3D4F77D62AC5}.Debug|x64.ActiveCfg = Debug|Any CPU
		{11CF3A96-36C5-453C-9408-3D4F77D62AC5}.Debug|x64.Build.0 = Debug|Any CPU
		{11CF3A96-36C5-453C-9408-3D4F77D62AC5}.Debug|x86.ActiveCfg = Debug|Any CPU
		{11CF3A96-36C5-453C-9408-3D4F77D62AC5}.Debug|x86.Build.0 = Debug|Any CPU
		{11CF3A96-36C5-453C-9408-3D4F77D62AC5}.Release|Any CPU.ActiveCfg = Release|Any CPU
		{11CF3A96-36C5-453C-9408-3D4F77D62AC5}.Release|Any CPU.Build.0 = Release|Any CPU
		{11CF3A96-36C5-453C-9408-3D4F77D62AC5}.Release|x64.ActiveCfg = Release|Any CPU
		{11CF3A96-36C5-453C-9408-3D4F77D62AC5}.Release|x64.Build.0 = Release|Any CPU
		{11CF3A96-36C5-453C-9408-3D4F77D62AC5}.Release|x86.ActiveCfg = Release|Any CPU
		{11CF3A96-36C5-453C-9408-3D4F77D62AC5}.Release|x86.Build.0 = Release|Any CPU
		{1DE8585E-FD29-43A1-95E5-8EDC02556090}.Debug|Any CPU.ActiveCfg = Debug|Any CPU
		{1DE8585E-FD29-43A1-95E5-8EDC02556090}.Debug|Any CPU.Build.0 = Debug|Any CPU
		{1DE8585E-FD29-43A1-95E5-8EDC02556090}.Debug|x64.ActiveCfg = Debug|Any CPU
		{1DE8585E-FD29-43A1-95E5-8EDC02556090}.Debug|x64.Build.0 = Debug|Any CPU
		{1DE8585E-FD29-43A1-95E5-8EDC02556090}.Debug|x86.ActiveCfg = Debug|Any CPU
		{1DE8585E-FD29-43A1-95E5-8EDC02556090}.Debug|x86.Build.0 = Debug|Any CPU
		{1DE8585E-FD29-43A1-95E5-8EDC02556090}.Release|Any CPU.ActiveCfg = Release|Any CPU
		{1DE8585E-FD29-43A1-95E5-8EDC02556090}.Release|Any CPU.Build.0 = Release|Any CPU
		{1DE8585E-FD29-43A1-95E5-8EDC02556090}.Release|x64.ActiveCfg = Release|Any CPU
		{1DE8585E-FD29-43A1-95E5-8EDC02556090}.Release|x64.Build.0 = Release|Any CPU
		{1DE8585E-FD29-43A1-95E5-8EDC02556090}.Release|x86.ActiveCfg = Release|Any CPU
		{1DE8585E-FD29-43A1-95E5-8EDC02556090}.Release|x86.Build.0 = Release|Any CPU
	EndGlobalSection
	GlobalSection(SolutionProperties) = preSolution
		HideSolutionNode = FALSE
	EndGlobalSection
	GlobalSection(ExtensibilityGlobals) = postSolution
		SolutionGuid = {9DADD4C4-77E1-4803-A4DD-5C32FC413D03}
	EndGlobalSection
EndGlobal